
Microsoft Visual Studio Solution File, Format Version 12.00
# Visual Studio Version 16
VisualStudioVersion = 16.0.29409.12
MinimumVisualStudioVersion = 10.0.40219.1
Project("{FAE04EC0-301F-11D3-BF4B-00C04F79EFBC}") = "ConsoleApp1", "ConsoleApp1\ConsoleApp1.csproj", "{65FB9EF5-4BC4-4D8F-BD49-93F525F2B3DD}"
EndProject
Global
	GlobalSection(SolutionConfigurationPlatforms) = preSolution
		Debug|Any CPU = Debug|Any CPU
		Release|Any CPU = Release|Any CPU
	EndGlobalSection
	GlobalSection(ProjectConfigurationPlatforms) = postSolution
		{65FB9EF5-4BC4-4D8F-BD49-93F525F2B3DD}.Debug|Any CPU.ActiveCfg = Debug|Any CPU
		{65FB9EF5-4BC4-4D8F-BD49-93F525F2B3DD}.Debug|Any CPU.Build.0 = Debug|Any CPU
		{65FB9EF5-4BC4-4D8F-BD49-93F525F2B3DD}.Release|Any CPU.ActiveCfg = Release|Any CPU
		{65FB9EF5-4BC4-4D8F-BD49-93F525F2B3DD}.Release|Any CPU.Build.0 = Release|Any CPU
	EndGlobalSection
	GlobalSection(SolutionProperties) = preSolution
		HideSolutionNode = FALSE
	EndGlobalSection
	GlobalSection(ExtensibilityGlobals) = postSolution
		SolutionGuid = {93FA2063-614D-479F-A91A-58D31C72D263}
	EndGlobalSection
EndGlobal
